// !$*UTF8*$!
{
	archiveVersion = 1;
	classes = {
	};
	objectVersion = 77;
	objects = {

/* Begin PBXBuildFile section */
		1A41644021B61114AA857C3A /* AestheticClassifier.swift in Sources */ = {isa = PBXBuildFile; fileRef = 81E44C9441BCBBD70C596436 /* AestheticClassifier.swift */; };
		2D55263B2DB08D8DEA4D1BB1 /* SettingsView.swift in Sources */ = {isa = PBXBuildFile; fileRef = E5A2CC2E6E5CB144BF80C8D6 /* SettingsView.swift */; };
		3E8111C943C9A42DDF10903F /* GallerIAApp.swift in Sources */ = {isa = PBXBuildFile; fileRef = 89E409DAB95C6B8FD1378DC2 /* GallerIAApp.swift */; };
		44CB2D3D72EBCC3384286273 /* TrashGameView.swift in Sources */ = {isa = PBXBuildFile; fileRef = 116AD407A174AAE33B83D9B0 /* TrashGameView.swift */; };
		78CC1C0E6EF6813F1636D51B /* StatsView.swift in Sources */ = {isa = PBXBuildFile; fileRef = 85F8E3D5BBAB52E181755F29 /* StatsView.swift */; };
		7EE73E0FA80F79F1957A06DE /* GallerIAViewModel.swift in Sources */ = {isa = PBXBuildFile; fileRef = 8EEF8C988916641D23B1FB79 /* GallerIAViewModel.swift */; };
		AEC3CD29389AA145684C75C7 /* MLManager.swift in Sources */ = {isa = PBXBuildFile; fileRef = 2EB027A356EADCCCC32154D3 /* MLManager.swift */; };
		B6366F96420E17FAAAE59C58 /* PhotoManager.swift in Sources */ = {isa = PBXBuildFile; fileRef = 30774B9C0B2637CCBDF81D65 /* PhotoManager.swift */; };
		C5FF711BF96F553868DC8DDE /* CardView.swift in Sources */ = {isa = PBXBuildFile; fileRef = 1FC9B13492DC473CF4C8FCBC /* CardView.swift */; };
		E928EAD7A9AE1A7193843BF4 /* GalleryView.swift in Sources */ = {isa = PBXBuildFile; fileRef = A07273884542E87AD45813C5 /* GalleryView.swift */; };
		F1B37584A1BB5D71F11B151A /* ContentView.swift in Sources */ = {isa = PBXBuildFile; fileRef = 7B69886006F0C6C1BA65559D /* ContentView.swift */; };
/* End PBXBuildFile section */

/* Begin PBXFileReference section */
		116AD407A174AAE33B83D9B0 /* TrashGameView.swift */ = {isa = PBXFileReference; lastKnownFileType = sourcecode.swift; path = TrashGameView.swift; sourceTree = "<group>"; };
		1FC9B13492DC473CF4C8FCBC /* CardView.swift */ = {isa = PBXFileReference; lastKnownFileType = sourcecode.swift; path = CardView.swift; sourceTree = "<group>"; };
		2EB027A356EADCCCC32154D3 /* MLManager.swift */ = {isa = PBXFileReference; lastKnownFileType = sourcecode.swift; path = MLManager.swift; sourceTree = "<group>"; };
		30774B9C0B2637CCBDF81D65 /* PhotoManager.swift */ = {isa = PBXFileReference; lastKnownFileType = sourcecode.swift; path = PhotoManager.swift; sourceTree = "<group>"; };
		7B69886006F0C6C1BA65559D /* ContentView.swift */ = {isa = PBXFileReference; lastKnownFileType = sourcecode.swift; path = ContentView.swift; sourceTree = "<group>"; };
		81E44C9441BCBBD70C596436 /* AestheticClassifier.swift */ = {isa = PBXFileReference; lastKnownFileType = sourcecode.swift; path = AestheticClassifier.swift; sourceTree = "<group>"; };
		85F8E3D5BBAB52E181755F29 /* StatsView.swift */ = {isa = PBXFileReference; lastKnownFileType = sourcecode.swift; path = StatsView.swift; sourceTree = "<group>"; };
		89E409DAB95C6B8FD1378DC2 /* GallerIAApp.swift */ = {isa = PBXFileReference; lastKnownFileType = sourcecode.swift; path = GallerIAApp.swift; sourceTree = "<group>"; };
		8EEF8C988916641D23B1FB79 /* GallerIAViewModel.swift */ = {isa = PBXFileReference; lastKnownFileType = sourcecode.swift; path = GallerIAViewModel.swift; sourceTree = "<group>"; };
		A07273884542E87AD45813C5 /* GalleryView.swift */ = {isa = PBXFileReference; lastKnownFileType = sourcecode.swift; path = GalleryView.swift; sourceTree = "<group>"; };
		BAB4B0EF7E31AE932089A97D /* GallerIA.app */ = {isa = PBXFileReference; includeInIndex = 0; lastKnownFileType = wrapper.application; path = GallerIA.app; sourceTree = BUILT_PRODUCTS_DIR; };
		E5A2CC2E6E5CB144BF80C8D6 /* SettingsView.swift */ = {isa = PBXFileReference; lastKnownFileType = sourcecode.swift; path = SettingsView.swift; sourceTree = "<group>"; };
/* End PBXFileReference section */

/* Begin PBXGroup section */
		5B06EA9F1208721538E97308 /* Sources */ = {
			isa = PBXGroup;
			children = (
				81E44C9441BCBBD70C596436 /* AestheticClassifier.swift */,
				1FC9B13492DC473CF4C8FCBC /* CardView.swift */,
				7B69886006F0C6C1BA65559D /* ContentView.swift */,
				89E409DAB95C6B8FD1378DC2 /* GallerIAApp.swift */,
				8EEF8C988916641D23B1FB79 /* GallerIAViewModel.swift */,
				A07273884542E87AD45813C5 /* GalleryView.swift */,
				2EB027A356EADCCCC32154D3 /* MLManager.swift */,
				30774B9C0B2637CCBDF81D65 /* PhotoManager.swift */,
				E5A2CC2E6E5CB144BF80C8D6 /* SettingsView.swift */,
				85F8E3D5BBAB52E181755F29 /* StatsView.swift */,
				116AD407A174AAE33B83D9B0 /* TrashGameView.swift */,
			);
			path = Sources;
			sourceTree = "<group>";
		};
		C14A3C429F87244F3A3D22E7 = {
			isa = PBXGroup;
			children = (
				5B06EA9F1208721538E97308 /* Sources */,
				DD08F77AA0061CDB89415E62 /* Products */,
			);
			sourceTree = "<group>";
		};
		DD08F77AA0061CDB89415E62 /* Products */ = {
			isa = PBXGroup;
			children = (
				BAB4B0EF7E31AE932089A97D /* GallerIA.app */,
			);
			name = Products;
			sourceTree = "<group>";
		};
/* End PBXGroup section */

/* Begin PBXNativeTarget section */
		A9A9CDADBCC997E176D8E16B /* GallerIA */ = {
			isa = PBXNativeTarget;
			buildConfigurationList = BD0202932296379416470DBF /* Build configuration list for PBXNativeTarget "GallerIA" */;
			buildPhases = (
				49159C1A17FDA8AE2211AFA4 /* Sources */,
			);
			buildRules = (
			);
			dependencies = (
			);
			name = GallerIA;
			packageProductDependencies = (
			);
			productName = GallerIA;
			productReference = BAB4B0EF7E31AE932089A97D /* GallerIA.app */;
			productType = "com.apple.product-type.application";
		};
/* End PBXNativeTarget section */

/* Begin PBXProject section */
		8D6F7F478004C03E54FF9D67 /* Project object */ = {
			isa = PBXProject;
			attributes = {
				BuildIndependentTargetsInParallel = YES;
				LastUpgradeCheck = 1430;
				TargetAttributes = {
				};
			};
			buildConfigurationList = 4BB623114A5F2C2B44B74676 /* Build configuration list for PBXProject "GallerIA" */;
			developmentRegion = en;
			hasScannedForEncodings = 0;
			knownRegions = (
				Base,
				en,
			);
			mainGroup = C14A3C429F87244F3A3D22E7;
			minimizedProjectReferenceProxies = 1;
			preferredProjectObjectVersion = 77;
			productRefGroup = DD08F77AA0061CDB89415E62 /* Products */;
			projectDirPath = "";
			projectRoot = "";
			targets = (
				A9A9CDADBCC997E176D8E16B /* GallerIA */,
			);
		};
/* End PBXProject section */

/* Begin PBXSourcesBuildPhase section */
		49159C1A17FDA8AE2211AFA4 /* Sources */ = {
			isa = PBXSourcesBuildPhase;
			buildActionMask = 2147483647;
			files = (
				1A41644021B61114AA857C3A /* AestheticClassifier.swift in Sources */,
				C5FF711BF96F553868DC8DDE /* CardView.swift in Sources */,
				F1B37584A1BB5D71F11B151A /* ContentView.swift in Sources */,
				3E8111C943C9A42DDF10903F /* GallerIAApp.swift in Sources */,
				7EE73E0FA80F79F1957A06DE /* GallerIAViewModel.swift in Sources */,
				E928EAD7A9AE1A7193843BF4 /* GalleryView.swift in Sources */,
				AEC3CD29389AA145684C75C7 /* MLManager.swift in Sources */,
				B6366F96420E17FAAAE59C58 /* PhotoManager.swift in Sources */,
				2D55263B2DB08D8DEA4D1BB1 /* SettingsView.swift in Sources */,
				78CC1C0E6EF6813F1636D51B /* StatsView.swift in Sources */,
				44CB2D3D72EBCC3384286273 /* TrashGameView.swift in Sources */,
			);
			runOnlyForDeploymentPostprocessing = 0;
		};
/* End PBXSourcesBuildPhase section */

/* Begin XCBuildConfiguration section */
		4B2FA4F3D76E10EE8FDD7A6D /* Debug */ = {
			isa = XCBuildConfiguration;
			buildSettings = {
				ASSETCATALOG_COMPILER_APPICON_NAME = AppIcon;
				CODE_SIGN_IDENTITY = "iPhone Developer";
				GENERATE_INFOPLIST_FILE = YES;
				INFOPLIST_KEY_NSPhotoLibraryUsageDescription = "Necessario per analizzare le foto ed estrarre la tua estetica.";
				INFOPLIST_KEY_UILaunchScreen_Generation = YES;
				LD_RUNPATH_SEARCH_PATHS = (
					"$(inherited)",
					"@executable_path/Frameworks",
				);
				PRODUCT_BUNDLE_IDENTIFIER = com.stocca.GallerIA;
				SDKROOT = iphoneos;
				SWIFT_VERSION = 5.0;
				TARGETED_DEVICE_FAMILY = "1,2";
			};
			name = Debug;
		};
		64934AEDC0A29615D1333C38 /* Debug */ = {
			isa = XCBuildConfiguration;
			buildSettings = {
				ALWAYS_SEARCH_USER_PATHS = NO;
				CLANG_ANALYZER_NONNULL = YES;
				CLANG_ANALYZER_NUMBER_OBJECT_CONVERSION = YES_AGGRESSIVE;
				CLANG_CXX_LANGUAGE_STANDARD = "gnu++14";
				CLANG_CXX_LIBRARY = "libc++";
				CLANG_ENABLE_MODULES = YES;
				CLANG_ENABLE_OBJC_ARC = YES;
				CLANG_ENABLE_OBJC_WEAK = YES;
				CLANG_WARN_BLOCK_CAPTURE_AUTORELEASING = YES;
				CLANG_WARN_BOOL_CONVERSION = YES;
				CLANG_WARN_COMMA = YES;
				CLANG_WARN_CONSTANT_CONVERSION = YES;
				CLANG_WARN_DEPRECATED_OBJC_IMPLEMENTATIONS = YES;
				CLANG_WARN_DIRECT_OBJC_ISA_USAGE = YES_ERROR;
				CLANG_WARN_DOCUMENTATION_COMMENTS = YES;
				CLANG_WARN_EMPTY_BODY = YES;
				CLANG_WARN_ENUM_CONVERSION = YES;
				CLANG_WARN_INFINITE_RECURSION = YES;
				CLANG_WARN_INT_CONVERSION = YES;
				CLANG_WARN_NON_LITERAL_NULL_CONVERSION = YES;
				CLANG_WARN_OBJC_IMPLICIT_RETAIN_SELF = YES;
				CLANG_WARN_OBJC_LITERAL_CONVERSION = YES;
				CLANG_WARN_OBJC_ROOT_CLASS = YES_ERROR;
				CLANG_WARN_QUOTED_INCLUDE_IN_FRAMEWORK_HEADER = YES;
				CLANG_WARN_RANGE_LOOP_ANALYSIS = YES;
				CLANG_WARN_STRICT_PROTOTYPES = YES;
				CLANG_WARN_SUSPICIOUS_MOVE = YES;
				CLANG_WARN_UNGUARDED_AVAILABILITY = YES_AGGRESSIVE;
				CLANG_WARN_UNREACHABLE_CODE = YES;
				CLANG_WARN__DUPLICATE_METHOD_MATCH = YES;
				COPY_PHASE_STRIP = NO;
				DEBUG_INFORMATION_FORMAT = dwarf;
				ENABLE_STRICT_OBJC_MSGSEND = YES;
				ENABLE_TESTABILITY = YES;
				GCC_C_LANGUAGE_STANDARD = gnu11;
				GCC_DYNAMIC_NO_PIC = NO;
				GCC_NO_COMMON_BLOCKS = YES;
				GCC_OPTIMIZATION_LEVEL = 0;
				GCC_PREPROCESSOR_DEFINITIONS = (
					"$(inherited)",
					"DEBUG=1",
				);
				GCC_WARN_64_TO_32_BIT_CONVERSION = YES;
				GCC_WARN_ABOUT_RETURN_TYPE = YES_ERROR;
				GCC_WARN_UNDECLARED_SELECTOR = YES;
				GCC_WARN_UNINITIALIZED_AUTOS = YES_AGGRESSIVE;
				GCC_WARN_UNUSED_FUNCTION = YES;
				GCC_WARN_UNUSED_VARIABLE = YES;
				IPHONEOS_DEPLOYMENT_TARGET = 16.0;
				MTL_ENABLE_DEBUG_INFO = INCLUDE_SOURCE;
				MTL_FAST_MATH = YES;
				ONLY_ACTIVE_ARCH = YES;
				PRODUCT_NAME = "$(TARGET_NAME)";
				SDKROOT = iphoneos;
				SWIFT_ACTIVE_COMPILATION_CONDITIONS = DEBUG;
				SWIFT_OPTIMIZATION_LEVEL = "-Onone";
				SWIFT_VERSION = 5.0;
			};
			name = Debug;
		};
		D9E67EF6BEDA99C952114453 /* Release */ = {
			isa = XCBuildConfiguration;
			buildSettings = {
				ASSETCATALOG_COMPILER_APPICON_NAME = AppIcon;
				CODE_SIGN_IDENTITY = "iPhone Developer";
				GENERATE_INFOPLIST_FILE = YES;
				INFOPLIST_KEY_NSPhotoLibraryUsageDescription = "Necessario per analizzare le foto ed estrarre la tua estetica.";
				INFOPLIST_KEY_UILaunchScreen_Generation = YES;
				LD_RUNPATH_SEARCH_PATHS = (
					"$(inherited)",
					"@executable_path/Frameworks",
				);
				PRODUCT_BUNDLE_IDENTIFIER = com.stocca.GallerIA;
				SDKROOT = iphoneos;
				SWIFT_VERSION = 5.0;
				TARGETED_DEVICE_FAMILY = "1,2";
			};
			name = Release;
		};
		E9F5A7454EF880A86BFE9AD9 /* Release */ = {
			isa = XCBuildConfiguration;
			buildSettings = {
				ALWAYS_SEARCH_USER_PATHS = NO;
				CLANG_ANALYZER_NONNULL = YES;
				CLANG_ANALYZER_NUMBER_OBJECT_CONVERSION = YES_AGGRESSIVE;
				CLANG_CXX_LANGUAGE_STANDARD = "gnu++14";
				CLANG_CXX_LIBRARY = "libc++";
				CLANG_ENABLE_MODULES = YES;
				CLANG_ENABLE_OBJC_ARC = YES;
				CLANG_ENABLE_OBJC_WEAK = YES;
				CLANG_WARN_BLOCK_CAPTURE_AUTORELEASING = YES;
				CLANG_WARN_BOOL_CONVERSION = YES;
				CLANG_WARN_COMMA = YES;
				CLANG_WARN_CONSTANT_CONVERSION = YES;
				CLANG_WARN_DEPRECATED_OBJC_IMPLEMENTATIONS = YES;
				CLANG_WARN_DIRECT_OBJC_ISA_USAGE = YES_ERROR;
				CLANG_WARN_DOCUMENTATION_COMMENTS = YES;
				CLANG_WARN_EMPTY_BODY = YES;
				CLANG_WARN_ENUM_CONVERSION = YES;
				CLANG_WARN_INFINITE_RECURSION = YES;
				CLANG_WARN_INT_CONVERSION = YES;
				CLANG_WARN_NON_LITERAL_NULL_CONVERSION = YES;
				CLANG_WARN_OBJC_IMPLICIT_RETAIN_SELF = YES;
				CLANG_WARN_OBJC_LITERAL_CONVERSION = YES;
				CLANG_WARN_OBJC_ROOT_CLASS = YES_ERROR;
				CLANG_WARN_QUOTED_INCLUDE_IN_FRAMEWORK_HEADER = YES;
				CLANG_WARN_RANGE_LOOP_ANALYSIS = YES;
				CLANG_WARN_STRICT_PROTOTYPES = YES;
				CLANG_WARN_SUSPICIOUS_MOVE = YES;
				CLANG_WARN_UNGUARDED_AVAILABILITY = YES_AGGRESSIVE;
				CLANG_WARN_UNREACHABLE_CODE = YES;
				CLANG_WARN__DUPLICATE_METHOD_MATCH = YES;
				COPY_PHASE_STRIP = NO;
				DEBUG_INFORMATION_FORMAT = "dwarf-with-dsym";
				ENABLE_NS_ASSERTIONS = NO;
				ENABLE_STRICT_OBJC_MSGSEND = YES;
				GCC_C_LANGUAGE_STANDARD = gnu11;
				GCC_NO_COMMON_BLOCKS = YES;
				GCC_WARN_64_TO_32_BIT_CONVERSION = YES;
				GCC_WARN_ABOUT_RETURN_TYPE = YES_ERROR;
				GCC_WARN_UNDECLARED_SELECTOR = YES;
				GCC_WARN_UNINITIALIZED_AUTOS = YES_AGGRESSIVE;
				GCC_WARN_UNUSED_FUNCTION = YES;
				GCC_WARN_UNUSED_VARIABLE = YES;
				IPHONEOS_DEPLOYMENT_TARGET = 16.0;
				MTL_ENABLE_DEBUG_INFO = NO;
				MTL_FAST_MATH = YES;
				PRODUCT_NAME = "$(TARGET_NAME)";
				SDKROOT = iphoneos;
				SWIFT_COMPILATION_MODE = wholemodule;
				SWIFT_OPTIMIZATION_LEVEL = "-O";
				SWIFT_VERSION = 5.0;
			};
			name = Release;
		};
/* End XCBuildConfiguration section */

/* Begin XCConfigurationList section */
		4BB623114A5F2C2B44B74676 /* Build configuration list for PBXProject "GallerIA" */ = {
			isa = XCConfigurationList;
			buildConfigurations = (
				64934AEDC0A29615D1333C38 /* Debug */,
				E9F5A7454EF880A86BFE9AD9 /* Release */,
			);
			defaultConfigurationIsVisible = 0;
			defaultConfigurationName = Debug;
		};
		BD0202932296379416470DBF /* Build configuration list for PBXNativeTarget "GallerIA" */ = {
			isa = XCConfigurationList;
			buildConfigurations = (
				4B2FA4F3D76E10EE8FDD7A6D /* Debug */,
				D9E67EF6BEDA99C952114453 /* Release */,
			);
			defaultConfigurationIsVisible = 0;
			defaultConfigurationName = Debug;
		};
/* End XCConfigurationList section */
	};
	rootObject = 8D6F7F478004C03E54FF9D67 /* Project object */;
}
