// !$*UTF8*$!
{
	archiveVersion = 1;
	classes = {
	};
	objectVersion = 77;
	objects = {

/* Begin PBXBuildFile section */
		003133CBB0D34662A952F7B0 /* ConfettiView.swift in Sources */ = {isa = PBXBuildFile; fileRef = 28B8512FA96B288D1A7D5A47 /* ConfettiView.swift */; };
		0F441B688A0CA7F5942E0DC8 /* DashboardView.swift in Sources */ = {isa = PBXBuildFile; fileRef = 956CB39A82892A837710EDAE /* DashboardView.swift */; };
		0F5B89D793735E324685C9BB /* FaceDetectionManager.swift in Sources */ = {isa = PBXBuildFile; fileRef = BC343D5723D2B8458223B72D /* FaceDetectionManager.swift */; };
		0F92859A440FD466DBFED031 /* AuthManager.swift in Sources */ = {isa = PBXBuildFile; fileRef = 16F4D4DB877F325157D8A289 /* AuthManager.swift */; };
		12DC9760005182AD37CA1E4E /* TrashGameView.swift in Sources */ = {isa = PBXBuildFile; fileRef = 21BC0DE3E704069D624EF429 /* TrashGameView.swift */; };
		12F4683966EDC8B9DDA11B40 /* Localizable.strings in Resources */ = {isa = PBXBuildFile; fileRef = 949E71E16F0A5AFC0A1D1D9C /* Localizable.strings */; };
		15D24A282518B1E924B44042 /* WatermarkManager.swift in Sources */ = {isa = PBXBuildFile; fileRef = A11F436555B8067F906C1170 /* WatermarkManager.swift */; };
		1607D2A20034B622244177AE /* GalleryCellView.swift in Sources */ = {isa = PBXBuildFile; fileRef = DE3861A6AA435F58C6112F79 /* GalleryCellView.swift */; };
		17E48D12C456E4D029EA9685 /* HistoryManager.swift in Sources */ = {isa = PBXBuildFile; fileRef = E0FA03B55D479A6FC8B01355 /* HistoryManager.swift */; };
		1B4446FBEA6BED0C118E5555 /* LockView.swift in Sources */ = {isa = PBXBuildFile; fileRef = 113F1B88B5C8CE4E0709E759 /* LockView.swift */; };
		1FEE2AD3A4BEC8263F013186 /* PhotoCard.swift in Sources */ = {isa = PBXBuildFile; fileRef = 755F63A4EE4E7BBC8E3A74E7 /* PhotoCard.swift */; };
		227C727DA05C666CCFD6321E /* GallerIAUITests.swift in Sources */ = {isa = PBXBuildFile; fileRef = F3419A5F4537E3A11182372F /* GallerIAUITests.swift */; };
		2874668943B03F1158603F9F /* MainSwipingView.swift in Sources */ = {isa = PBXBuildFile; fileRef = 87C8871CFA61C34B17DDDDC5 /* MainSwipingView.swift */; };
		2D34480043AEDD35D54DDCA3 /* ThumbnailView.swift in Sources */ = {isa = PBXBuildFile; fileRef = 658A3831AFD0966217564FED /* ThumbnailView.swift */; };
		37617351210EB03C2FAC396E /* GallerIAViewModel.swift in Sources */ = {isa = PBXBuildFile; fileRef = 1E938D0DCBE197CDE13B5065 /* GallerIAViewModel.swift */; };
		3934DAC65DB70F2A47279DA7 /* ProManager.swift in Sources */ = {isa = PBXBuildFile; fileRef = B51D0D6BC219A125E6E1462A /* ProManager.swift */; };
		3E8111C943C9A42DDF10903F /* GallerIAApp.swift in Sources */ = {isa = PBXBuildFile; fileRef = 89E409DAB95C6B8FD1378DC2 /* GallerIAApp.swift */; };
		4281FE12DED44D43CE050B16 /* StatsView.swift in Sources */ = {isa = PBXBuildFile; fileRef = 48829BDE703F29EB385F73BD /* StatsView.swift */; };
		46A602CE8846E38700B28BA8 /* PhotoDetailView.swift in Sources */ = {isa = PBXBuildFile; fileRef = F8A348ED9E65A5CA4D84326F /* PhotoDetailView.swift */; };
		4E52FBDC2ED8C520C4CA825D /* BreathingModifier.swift in Sources */ = {isa = PBXBuildFile; fileRef = 126967421851CB9146BB7BEA /* BreathingModifier.swift */; };
		5BBEF6E13320D2FDA32D091F /* EmbeddingModel.swift in Sources */ = {isa = PBXBuildFile; fileRef = 68F0FE5C4A5BDF399FBAAD1B /* EmbeddingModel.swift */; };
		63FED747472D3762FD097770 /* GlassmorphismModifier.swift in Sources */ = {isa = PBXBuildFile; fileRef = 5AD2E0B4A40B431CE8833C23 /* GlassmorphismModifier.swift */; };
		673337B46A801DC5858D696B /* OnboardingView.swift in Sources */ = {isa = PBXBuildFile; fileRef = E8FE13015C6BA028DDBBBF1E /* OnboardingView.swift */; };
		6C08AB50DE3FCA4C605624FE /* GallerIAWidget.appex in Embed Foundation Extensions */ = {isa = PBXBuildFile; fileRef = BC57EC9D8D17B6B107848776 /* GallerIAWidget.appex */; settings = {ATTRIBUTES = (RemoveHeadersOnCopy, ); }; };
		6CD733D959AB5F964862636E /* EmbeddingCache.swift in Sources */ = {isa = PBXBuildFile; fileRef = 8EF341CFB3FB0AC0C1344420 /* EmbeddingCache.swift */; };
		6EF339469F4A643919411141 /* PhotoEditorView.swift in Sources */ = {isa = PBXBuildFile; fileRef = A16A58C53B3DB24F9B74E763 /* PhotoEditorView.swift */; };
		70E39C8A764C952072CDBD39 /* GalleryView.swift in Sources */ = {isa = PBXBuildFile; fileRef = 73006147677EC16AB7490B46 /* GalleryView.swift */; };
		73D77FCF9276CD3023A83148 /* GallerIATests.swift in Sources */ = {isa = PBXBuildFile; fileRef = A96FE6BBCEF30A2483A0CC50 /* GallerIATests.swift */; };
		79D3F6140F025237FC4535EC /* ContentView.swift in Sources */ = {isa = PBXBuildFile; fileRef = F0351DE1099B052F0C4F6107 /* ContentView.swift */; };
		7D5D637A026BCB9966DD33EA /* MLManager.swift in Sources */ = {isa = PBXBuildFile; fileRef = FD8727A6FAD777AB7732B1C2 /* MLManager.swift */; };
		7EF7E20DACDA2D5D85FF5299 /* GallerIAWidget.swift in Sources */ = {isa = PBXBuildFile; fileRef = 77CB208CAD570D037166F431 /* GallerIAWidget.swift */; };
		8485F7BE79CE09B3A25931E8 /* DesignSystem.swift in Sources */ = {isa = PBXBuildFile; fileRef = D061DC45DD748DBB64C6EF02 /* DesignSystem.swift */; };
		860D148EB66874A50D99B6C7 /* AestheticClassifier.swift in Sources */ = {isa = PBXBuildFile; fileRef = 0780BC2665B19D617FB5F803 /* AestheticClassifier.swift */; };
		86AF574678F317A34BFD62A8 /* HapticSymphonyManager.swift in Sources */ = {isa = PBXBuildFile; fileRef = 91406ECB93513D2EC6EB2AC4 /* HapticSymphonyManager.swift */; };
		8708043BDBE44F0D2185BC49 /* CleanupSelectionTests.swift in Sources */ = {isa = PBXBuildFile; fileRef = AA27BDCBD15F2AE082F294B5 /* CleanupSelectionTests.swift */; };
		88D0C595CB103E4A423AD915 /* ContentView.swift in Sources */ = {isa = PBXBuildFile; fileRef = E70C2611D30973A5396B4A6B /* ContentView.swift */; };
		90083D3CDBDBBFDF292F9527 /* PDFReportGenerator.swift in Sources */ = {isa = PBXBuildFile; fileRef = FE045DB88F6A2BDF31F42417 /* PDFReportGenerator.swift */; };
		91AEAED9B3896C4464BEAF86 /* GallerIAWatchApp.swift in Sources */ = {isa = PBXBuildFile; fileRef = 931E4E53E2CEE71C6E9395E8 /* GallerIAWatchApp.swift */; };
		97FFFF39BA68423E8120C40E /* Assets.xcassets in Resources */ = {isa = PBXBuildFile; fileRef = AF0C6B5E896F58F745B687DC /* Assets.xcassets */; };
		9BCDD97C66FF3A511B3FCCD5 /* MapMasterpieceView.swift in Sources */ = {isa = PBXBuildFile; fileRef = 4431D2E0906E4284217FDD20 /* MapMasterpieceView.swift */; };
		A2E56CE0CB3D3A65972CE97E /* ProView.swift in Sources */ = {isa = PBXBuildFile; fileRef = E66B7D773CE89141F3377C88 /* ProView.swift */; };
		A616EF0094F9525CC93ECA4B /* LiveActivityManager.swift in Sources */ = {isa = PBXBuildFile; fileRef = 1FD566CBB0CBFA58B0F78B18 /* LiveActivityManager.swift */; };
		A9498E8D3B1BEEE73147E7CA /* CollageManager.swift in Sources */ = {isa = PBXBuildFile; fileRef = 5CC448056EAB432345E8B41B /* CollageManager.swift */; };
		A9D27A1DC5EB35F91F91C7E7 /* SecretGameView.swift in Sources */ = {isa = PBXBuildFile; fileRef = ADC5249C76DFB50E4D2F1348 /* SecretGameView.swift */; };
		AA7A5FF78036159B0EE00F1E /* WaterfallGrid.swift in Sources */ = {isa = PBXBuildFile; fileRef = A8E7172C19CBDC2843BEA0C1 /* WaterfallGrid.swift */; };
		B05A7A08968D70E033D42C5F /* CleanupManager.swift in Sources */ = {isa = PBXBuildFile; fileRef = 78683237171359940F8A2470 /* CleanupManager.swift */; };
		B34A23BCF82A9DC9F7BE7DFC /* CleanupDetailView.swift in Sources */ = {isa = PBXBuildFile; fileRef = F004D7DB572DB28CCAC0B55B /* CleanupDetailView.swift */; };
		C11164D9E08A5095B03E3E70 /* PhotoManager.swift in Sources */ = {isa = PBXBuildFile; fileRef = F629D34F53A64558BBCE2ADA /* PhotoManager.swift */; };
		D19B2DA419B5538813D83AB2 /* PhotoEditorManager.swift in Sources */ = {isa = PBXBuildFile; fileRef = A121863C82234BF133ADFFB3 /* PhotoEditorManager.swift */; };
		D8F0CE0874A93E8F5DD99BE6 /* RatedPhoto.swift in Sources */ = {isa = PBXBuildFile; fileRef = 67033673D5B502C647D6696B /* RatedPhoto.swift */; };
		DAC0C68BD77589EC1AB8F637 /* SettingsView.swift in Sources */ = {isa = PBXBuildFile; fileRef = 77D556C274709CC2DDE947EB /* SettingsView.swift */; };
		DB12D890EA59FC346C826CE3 /* OCRView.swift in Sources */ = {isa = PBXBuildFile; fileRef = 554DF17BCFFB937FCDFDAB6B /* OCRView.swift */; };
		DC0637BC6CE0F9B6FE96A85A /* SensitiveContentModifier.swift in Sources */ = {isa = PBXBuildFile; fileRef = DE96B6D7F436A0A8A55D69D6 /* SensitiveContentModifier.swift */; };
		DFDCE60412029E4299A4EF37 /* CardView.swift in Sources */ = {isa = PBXBuildFile; fileRef = 22B1CC986ACB43AFF8CA2AD8 /* CardView.swift */; };
		E07C0BA3F8D4A5785124F49F /* PhotoImageLoader.swift in Sources */ = {isa = PBXBuildFile; fileRef = F943F1FF088531AEE18A98C6 /* PhotoImageLoader.swift */; };
		EE5FC267935036360A797BCC /* GallerIAIntents.swift in Sources */ = {isa = PBXBuildFile; fileRef = 0B533EE9E8EF8DEBED2C995B /* GallerIAIntents.swift */; };
		F5229AB26F5152AF94B7373A /* OCRManager.swift in Sources */ = {isa = PBXBuildFile; fileRef = 6B8B023AB2878AF55B81FED5 /* OCRManager.swift */; };
		F5B607FAEF5F4CC4970F83AB /* SoundManager.swift in Sources */ = {isa = PBXBuildFile; fileRef = 330A02C9DB7688B8B6902E99 /* SoundManager.swift */; };
		F8100BD0A96F2EA497DBE070 /* NSFWDetector.swift in Sources */ = {isa = PBXBuildFile; fileRef = A02EAF244913CC586D4942B5 /* NSFWDetector.swift */; };
		F8D4DB5D87905F85B6379673 /* CleanupSelection.swift in Sources */ = {isa = PBXBuildFile; fileRef = 7F8F4BC590DD52F7C9E7313B /* CleanupSelection.swift */; };
		FD883D62815B20D2369C8E0D /* GallerIALiveActivity.swift in Sources */ = {isa = PBXBuildFile; fileRef = 43AF317ECF40808A58B618E0 /* GallerIALiveActivity.swift */; };
/* End PBXBuildFile section */

/* Begin PBXContainerItemProxy section */
		21B74F3AE1550166E2E436DD /* PBXContainerItemProxy */ = {
			isa = PBXContainerItemProxy;
			containerPortal = 8D6F7F478004C03E54FF9D67 /* Project object */;
			proxyType = 1;
			remoteGlobalIDString = A9A9CDADBCC997E176D8E16B;
			remoteInfo = GallerIA;
		};
		23F8BFAD298C04A27D75BF7A /* PBXContainerItemProxy */ = {
			isa = PBXContainerItemProxy;
			containerPortal = 8D6F7F478004C03E54FF9D67 /* Project object */;
			proxyType = 1;
			remoteGlobalIDString = A9A9CDADBCC997E176D8E16B;
			remoteInfo = GallerIA;
		};
		E9AD1B271C231E0D98B5055B /* PBXContainerItemProxy */ = {
			isa = PBXContainerItemProxy;
			containerPortal = 8D6F7F478004C03E54FF9D67 /* Project object */;
			proxyType = 1;
			remoteGlobalIDString = 105F96F2823F737D957485C6;
			remoteInfo = GallerIAWidget;
		};
/* End PBXContainerItemProxy section */

/* Begin PBXCopyFilesBuildPhase section */
		5FAEA364A4EE5AB35CCC102D /* Embed Foundation Extensions */ = {
			isa = PBXCopyFilesBuildPhase;
			buildActionMask = 2147483647;
			dstPath = "";
			dstSubfolderSpec = 13;
			files = (
				6C08AB50DE3FCA4C605624FE /* GallerIAWidget.appex in Embed Foundation Extensions */,
			);
			name = "Embed Foundation Extensions";
			runOnlyForDeploymentPostprocessing = 0;
		};
/* End PBXCopyFilesBuildPhase section */

/* Begin PBXFileReference section */
		0780BC2665B19D617FB5F803 /* AestheticClassifier.swift */ = {isa = PBXFileReference; lastKnownFileType = sourcecode.swift; path = AestheticClassifier.swift; sourceTree = "<group>"; };
		0B533EE9E8EF8DEBED2C995B /* GallerIAIntents.swift */ = {isa = PBXFileReference; lastKnownFileType = sourcecode.swift; path = GallerIAIntents.swift; sourceTree = "<group>"; };
		113F1B88B5C8CE4E0709E759 /* LockView.swift */ = {isa = PBXFileReference; lastKnownFileType = sourcecode.swift; path = LockView.swift; sourceTree = "<group>"; };
		126967421851CB9146BB7BEA /* BreathingModifier.swift */ = {isa = PBXFileReference; lastKnownFileType = sourcecode.swift; path = BreathingModifier.swift; sourceTree = "<group>"; };
		16F4D4DB877F325157D8A289 /* AuthManager.swift */ = {isa = PBXFileReference; lastKnownFileType = sourcecode.swift; path = AuthManager.swift; sourceTree = "<group>"; };
		1E938D0DCBE197CDE13B5065 /* GallerIAViewModel.swift */ = {isa = PBXFileReference; lastKnownFileType = sourcecode.swift; path = GallerIAViewModel.swift; sourceTree = "<group>"; };
		1FD566CBB0CBFA58B0F78B18 /* LiveActivityManager.swift */ = {isa = PBXFileReference; lastKnownFileType = sourcecode.swift; path = LiveActivityManager.swift; sourceTree = "<group>"; };
		21BC0DE3E704069D624EF429 /* TrashGameView.swift */ = {isa = PBXFileReference; lastKnownFileType = sourcecode.swift; path = TrashGameView.swift; sourceTree = "<group>"; };
		22B1CC986ACB43AFF8CA2AD8 /* CardView.swift */ = {isa = PBXFileReference; lastKnownFileType = sourcecode.swift; path = CardView.swift; sourceTree = "<group>"; };
		2614843B2558548A8BC67B77 /* GallerIAUITests.xctest */ = {isa = PBXFileReference; includeInIndex = 0; lastKnownFileType = wrapper.cfbundle; path = GallerIAUITests.xctest; sourceTree = BUILT_PRODUCTS_DIR; };
		28B8512FA96B288D1A7D5A47 /* ConfettiView.swift */ = {isa = PBXFileReference; lastKnownFileType = sourcecode.swift; path = ConfettiView.swift; sourceTree = "<group>"; };
		330A02C9DB7688B8B6902E99 /* SoundManager.swift */ = {isa = PBXFileReference; lastKnownFileType = sourcecode.swift; path = SoundManager.swift; sourceTree = "<group>"; };
		43AF317ECF40808A58B618E0 /* GallerIALiveActivity.swift */ = {isa = PBXFileReference; lastKnownFileType = sourcecode.swift; path = GallerIALiveActivity.swift; sourceTree = "<group>"; };
		4431D2E0906E4284217FDD20 /* MapMasterpieceView.swift */ = {isa = PBXFileReference; lastKnownFileType = sourcecode.swift; path = MapMasterpieceView.swift; sourceTree = "<group>"; };
		48829BDE703F29EB385F73BD /* StatsView.swift */ = {isa = PBXFileReference; lastKnownFileType = sourcecode.swift; path = StatsView.swift; sourceTree = "<group>"; };
		554DF17BCFFB937FCDFDAB6B /* OCRView.swift */ = {isa = PBXFileReference; lastKnownFileType = sourcecode.swift; path = OCRView.swift; sourceTree = "<group>"; };
		5AD2E0B4A40B431CE8833C23 /* GlassmorphismModifier.swift */ = {isa = PBXFileReference; lastKnownFileType = sourcecode.swift; path = GlassmorphismModifier.swift; sourceTree = "<group>"; };
		5CC448056EAB432345E8B41B /* CollageManager.swift */ = {isa = PBXFileReference; lastKnownFileType = sourcecode.swift; path = CollageManager.swift; sourceTree = "<group>"; };
		5DAC16B04B6B233CA9CFDD41 /* it */ = {isa = PBXFileReference; lastKnownFileType = text.plist.strings; name = it; path = it.lproj/Localizable.strings; sourceTree = "<group>"; };
		658A3831AFD0966217564FED /* ThumbnailView.swift */ = {isa = PBXFileReference; lastKnownFileType = sourcecode.swift; path = ThumbnailView.swift; sourceTree = "<group>"; };
		67033673D5B502C647D6696B /* RatedPhoto.swift */ = {isa = PBXFileReference; lastKnownFileType = sourcecode.swift; path = RatedPhoto.swift; sourceTree = "<group>"; };
		68F0FE5C4A5BDF399FBAAD1B /* EmbeddingModel.swift */ = {isa = PBXFileReference; lastKnownFileType = sourcecode.swift; path = EmbeddingModel.swift; sourceTree = "<group>"; };
		6B8B023AB2878AF55B81FED5 /* OCRManager.swift */ = {isa = PBXFileReference; lastKnownFileType = sourcecode.swift; path = OCRManager.swift; sourceTree = "<group>"; };
		73006147677EC16AB7490B46 /* GalleryView.swift */ = {isa = PBXFileReference; lastKnownFileType = sourcecode.swift; path = GalleryView.swift; sourceTree = "<group>"; };
		755F63A4EE4E7BBC8E3A74E7 /* PhotoCard.swift */ = {isa = PBXFileReference; lastKnownFileType = sourcecode.swift; path = PhotoCard.swift; sourceTree = "<group>"; };
		77CB208CAD570D037166F431 /* GallerIAWidget.swift */ = {isa = PBXFileReference; lastKnownFileType = sourcecode.swift; path = GallerIAWidget.swift; sourceTree = "<group>"; };
		77D556C274709CC2DDE947EB /* SettingsView.swift */ = {isa = PBXFileReference; lastKnownFileType = sourcecode.swift; path = SettingsView.swift; sourceTree = "<group>"; };
		78683237171359940F8A2470 /* CleanupManager.swift */ = {isa = PBXFileReference; lastKnownFileType = sourcecode.swift; path = CleanupManager.swift; sourceTree = "<group>"; };
		7E9E6A85F2D11DFEF5264CE1 /* en */ = {isa = PBXFileReference; lastKnownFileType = text.plist.strings; name = en; path = en.lproj/Localizable.strings; sourceTree = "<group>"; };
		7F8F4BC590DD52F7C9E7313B /* CleanupSelection.swift */ = {isa = PBXFileReference; lastKnownFileType = sourcecode.swift; path = CleanupSelection.swift; sourceTree = "<group>"; };
		87C8871CFA61C34B17DDDDC5 /* MainSwipingView.swift */ = {isa = PBXFileReference; lastKnownFileType = sourcecode.swift; path = MainSwipingView.swift; sourceTree = "<group>"; };
		89E409DAB95C6B8FD1378DC2 /* GallerIAApp.swift */ = {isa = PBXFileReference; lastKnownFileType = sourcecode.swift; path = GallerIAApp.swift; sourceTree = "<group>"; };
		8EF341CFB3FB0AC0C1344420 /* EmbeddingCache.swift */ = {isa = PBXFileReference; lastKnownFileType = sourcecode.swift; path = EmbeddingCache.swift; sourceTree = "<group>"; };
		91406ECB93513D2EC6EB2AC4 /* HapticSymphonyManager.swift */ = {isa = PBXFileReference; lastKnownFileType = sourcecode.swift; path = HapticSymphonyManager.swift; sourceTree = "<group>"; };
		931E4E53E2CEE71C6E9395E8 /* GallerIAWatchApp.swift */ = {isa = PBXFileReference; lastKnownFileType = sourcecode.swift; path = GallerIAWatchApp.swift; sourceTree = "<group>"; };
		956CB39A82892A837710EDAE /* DashboardView.swift */ = {isa = PBXFileReference; lastKnownFileType = sourcecode.swift; path = DashboardView.swift; sourceTree = "<group>"; };
		A02EAF244913CC586D4942B5 /* NSFWDetector.swift */ = {isa = PBXFileReference; lastKnownFileType = sourcecode.swift; path = NSFWDetector.swift; sourceTree = "<group>"; };
		A11F436555B8067F906C1170 /* WatermarkManager.swift */ = {isa = PBXFileReference; lastKnownFileType = sourcecode.swift; path = WatermarkManager.swift; sourceTree = "<group>"; };
		A121863C82234BF133ADFFB3 /* PhotoEditorManager.swift */ = {isa = PBXFileReference; lastKnownFileType = sourcecode.swift; path = PhotoEditorManager.swift; sourceTree = "<group>"; };
		A16A58C53B3DB24F9B74E763 /* PhotoEditorView.swift */ = {isa = PBXFileReference; lastKnownFileType = sourcecode.swift; path = PhotoEditorView.swift; sourceTree = "<group>"; };
		A641FE5AE64DCC32357FC91A /* GallerIATests.xctest */ = {isa = PBXFileReference; includeInIndex = 0; lastKnownFileType = wrapper.cfbundle; path = GallerIATests.xctest; sourceTree = BUILT_PRODUCTS_DIR; };
		A86958B6A09EF80DDEDDCBD0 /* Info.plist */ = {isa = PBXFileReference; lastKnownFileType = text.plist; path = Info.plist; sourceTree = "<group>"; };
		A8E7172C19CBDC2843BEA0C1 /* WaterfallGrid.swift */ = {isa = PBXFileReference; lastKnownFileType = sourcecode.swift; path = WaterfallGrid.swift; sourceTree = "<group>"; };
		A96FE6BBCEF30A2483A0CC50 /* GallerIATests.swift */ = {isa = PBXFileReference; lastKnownFileType = sourcecode.swift; path = GallerIATests.swift; sourceTree = "<group>"; };
		AA27BDCBD15F2AE082F294B5 /* CleanupSelectionTests.swift */ = {isa = PBXFileReference; lastKnownFileType = sourcecode.swift; path = CleanupSelectionTests.swift; sourceTree = "<group>"; };
		ADC5249C76DFB50E4D2F1348 /* SecretGameView.swift */ = {isa = PBXFileReference; lastKnownFileType = sourcecode.swift; path = SecretGameView.swift; sourceTree = "<group>"; };
		AF0C6B5E896F58F745B687DC /* Assets.xcassets */ = {isa = PBXFileReference; lastKnownFileType = folder.assetcatalog; path = Assets.xcassets; sourceTree = "<group>"; };
		B51D0D6BC219A125E6E1462A /* ProManager.swift */ = {isa = PBXFileReference; lastKnownFileType = sourcecode.swift; path = ProManager.swift; sourceTree = "<group>"; };
		BAB4B0EF7E31AE932089A97D /* GallerIA.app */ = {isa = PBXFileReference; includeInIndex = 0; lastKnownFileType = wrapper.application; path = GallerIA.app; sourceTree = BUILT_PRODUCTS_DIR; };
		BC343D5723D2B8458223B72D /* FaceDetectionManager.swift */ = {isa = PBXFileReference; lastKnownFileType = sourcecode.swift; path = FaceDetectionManager.swift; sourceTree = "<group>"; };
		BC57EC9D8D17B6B107848776 /* GallerIAWidget.appex */ = {isa = PBXFileReference; includeInIndex = 0; lastKnownFileType = "wrapper.app-extension"; path = GallerIAWidget.appex; sourceTree = BUILT_PRODUCTS_DIR; };
		D061DC45DD748DBB64C6EF02 /* DesignSystem.swift */ = {isa = PBXFileReference; lastKnownFileType = sourcecode.swift; path = DesignSystem.swift; sourceTree = "<group>"; };
		DE3861A6AA435F58C6112F79 /* GalleryCellView.swift */ = {isa = PBXFileReference; lastKnownFileType = sourcecode.swift; path = GalleryCellView.swift; sourceTree = "<group>"; };
		DE96B6D7F436A0A8A55D69D6 /* SensitiveContentModifier.swift */ = {isa = PBXFileReference; lastKnownFileType = sourcecode.swift; path = SensitiveContentModifier.swift; sourceTree = "<group>"; };
		E0FA03B55D479A6FC8B01355 /* HistoryManager.swift */ = {isa = PBXFileReference; lastKnownFileType = sourcecode.swift; path = HistoryManager.swift; sourceTree = "<group>"; };
		E66B7D773CE89141F3377C88 /* ProView.swift */ = {isa = PBXFileReference; lastKnownFileType = sourcecode.swift; path = ProView.swift; sourceTree = "<group>"; };
		E70C2611D30973A5396B4A6B /* ContentView.swift */ = {isa = PBXFileReference; lastKnownFileType = sourcecode.swift; path = ContentView.swift; sourceTree = "<group>"; };
		E8FE13015C6BA028DDBBBF1E /* OnboardingView.swift */ = {isa = PBXFileReference; lastKnownFileType = sourcecode.swift; path = OnboardingView.swift; sourceTree = "<group>"; };
		EFCA5A5BD85EAB14C744139D /* GallerIAWatch.app */ = {isa = PBXFileReference; explicitFileType = wrapper.application; includeInIndex = 0; path = GallerIAWatch.app; sourceTree = BUILT_PRODUCTS_DIR; };
		F004D7DB572DB28CCAC0B55B /* CleanupDetailView.swift */ = {isa = PBXFileReference; lastKnownFileType = sourcecode.swift; path = CleanupDetailView.swift; sourceTree = "<group>"; };
		F0351DE1099B052F0C4F6107 /* ContentView.swift */ = {isa = PBXFileReference; lastKnownFileType = sourcecode.swift; path = ContentView.swift; sourceTree = "<group>"; };
		F3419A5F4537E3A11182372F /* GallerIAUITests.swift */ = {isa = PBXFileReference; lastKnownFileType = sourcecode.swift; path = GallerIAUITests.swift; sourceTree = "<group>"; };
		F629D34F53A64558BBCE2ADA /* PhotoManager.swift */ = {isa = PBXFileReference; lastKnownFileType = sourcecode.swift; path = PhotoManager.swift; sourceTree = "<group>"; };
		F8A348ED9E65A5CA4D84326F /* PhotoDetailView.swift */ = {isa = PBXFileReference; lastKnownFileType = sourcecode.swift; path = PhotoDetailView.swift; sourceTree = "<group>"; };
		F943F1FF088531AEE18A98C6 /* PhotoImageLoader.swift */ = {isa = PBXFileReference; lastKnownFileType = sourcecode.swift; path = PhotoImageLoader.swift; sourceTree = "<group>"; };
		FD8727A6FAD777AB7732B1C2 /* MLManager.swift */ = {isa = PBXFileReference; lastKnownFileType = sourcecode.swift; path = MLManager.swift; sourceTree = "<group>"; };
		FE045DB88F6A2BDF31F42417 /* PDFReportGenerator.swift */ = {isa = PBXFileReference; lastKnownFileType = sourcecode.swift; path = PDFReportGenerator.swift; sourceTree = "<group>"; };
/* End PBXFileReference section */

/* Begin PBXGroup section */
		0500E39A8C6755AB6F6A7B4D /* Tests */ = {
			isa = PBXGroup;
			children = (
				AA27BDCBD15F2AE082F294B5 /* CleanupSelectionTests.swift */,
				A96FE6BBCEF30A2483A0CC50 /* GallerIATests.swift */,
			);
			path = Tests;
			sourceTree = "<group>";
		};
		05E8DB009FEB6702E6D9BC79 /* Managers */ = {
			isa = PBXGroup;
			children = (
				16F4D4DB877F325157D8A289 /* AuthManager.swift */,
				78683237171359940F8A2470 /* CleanupManager.swift */,
				5CC448056EAB432345E8B41B /* CollageManager.swift */,
				BC343D5723D2B8458223B72D /* FaceDetectionManager.swift */,
				0B533EE9E8EF8DEBED2C995B /* GallerIAIntents.swift */,
				91406ECB93513D2EC6EB2AC4 /* HapticSymphonyManager.swift */,
				E0FA03B55D479A6FC8B01355 /* HistoryManager.swift */,
				1FD566CBB0CBFA58B0F78B18 /* LiveActivityManager.swift */,
				FD8727A6FAD777AB7732B1C2 /* MLManager.swift */,
				A02EAF244913CC586D4942B5 /* NSFWDetector.swift */,
				6B8B023AB2878AF55B81FED5 /* OCRManager.swift */,
				FE045DB88F6A2BDF31F42417 /* PDFReportGenerator.swift */,
				A121863C82234BF133ADFFB3 /* PhotoEditorManager.swift */,
				F943F1FF088531AEE18A98C6 /* PhotoImageLoader.swift */,
				F629D34F53A64558BBCE2ADA /* PhotoManager.swift */,
				B51D0D6BC219A125E6E1462A /* ProManager.swift */,
				330A02C9DB7688B8B6902E99 /* SoundManager.swift */,
				A11F436555B8067F906C1170 /* WatermarkManager.swift */,
			);
			path = Managers;
			sourceTree = "<group>";
		};
		425698E4FF2102C20FC39E81 /* UITests */ = {
			isa = PBXGroup;
			children = (
				F3419A5F4537E3A11182372F /* GallerIAUITests.swift */,
			);
			path = UITests;
			sourceTree = "<group>";
		};
		5B06EA9F1208721538E97308 /* Sources */ = {
			isa = PBXGroup;
			children = (
				AF0C6B5E896F58F745B687DC /* Assets.xcassets */,
				89E409DAB95C6B8FD1378DC2 /* GallerIAApp.swift */,
				05E8DB009FEB6702E6D9BC79 /* Managers */,
				8B3EE2291D75F6DF4211E5C8 /* Models */,
				D27907ED74B1EF3CF1D477C5 /* ViewModels */,
				D30B02E2055A1D7C2576DCF9 /* Views */,
			);
			path = Sources;
			sourceTree = "<group>";
		};
		8B3EE2291D75F6DF4211E5C8 /* Models */ = {
			isa = PBXGroup;
			children = (
				0780BC2665B19D617FB5F803 /* AestheticClassifier.swift */,
				7F8F4BC590DD52F7C9E7313B /* CleanupSelection.swift */,
				8EF341CFB3FB0AC0C1344420 /* EmbeddingCache.swift */,
				68F0FE5C4A5BDF399FBAAD1B /* EmbeddingModel.swift */,
				755F63A4EE4E7BBC8E3A74E7 /* PhotoCard.swift */,
				67033673D5B502C647D6696B /* RatedPhoto.swift */,
			);
			path = Models;
			sourceTree = "<group>";
		};
		A5B00329463926DFC5A37DA1 /* Widget */ = {
			isa = PBXGroup;
			children = (
				43AF317ECF40808A58B618E0 /* GallerIALiveActivity.swift */,
				77CB208CAD570D037166F431 /* GallerIAWidget.swift */,
				A86958B6A09EF80DDEDDCBD0 /* Info.plist */,
			);
			path = Widget;
			sourceTree = "<group>";
		};
		C14A3C429F87244F3A3D22E7 = {
			isa = PBXGroup;
			children = (
				ECF00C0F7A73E31C8E565300 /* Resources */,
				5B06EA9F1208721538E97308 /* Sources */,
				0500E39A8C6755AB6F6A7B4D /* Tests */,
				425698E4FF2102C20FC39E81 /* UITests */,
				E8B7D609C52F9D57A902B16A /* Watch */,
				A5B00329463926DFC5A37DA1 /* Widget */,
				DD08F77AA0061CDB89415E62 /* Products */,
			);
			sourceTree = "<group>";
		};
		D27907ED74B1EF3CF1D477C5 /* ViewModels */ = {
			isa = PBXGroup;
			children = (
				1E938D0DCBE197CDE13B5065 /* GallerIAViewModel.swift */,
			);
			path = ViewModels;
			sourceTree = "<group>";
		};
		D30B02E2055A1D7C2576DCF9 /* Views */ = {
			isa = PBXGroup;
			children = (
				126967421851CB9146BB7BEA /* BreathingModifier.swift */,
				22B1CC986ACB43AFF8CA2AD8 /* CardView.swift */,
				F004D7DB572DB28CCAC0B55B /* CleanupDetailView.swift */,
				28B8512FA96B288D1A7D5A47 /* ConfettiView.swift */,
				F0351DE1099B052F0C4F6107 /* ContentView.swift */,
				956CB39A82892A837710EDAE /* DashboardView.swift */,
				D061DC45DD748DBB64C6EF02 /* DesignSystem.swift */,
				DE3861A6AA435F58C6112F79 /* GalleryCellView.swift */,
				73006147677EC16AB7490B46 /* GalleryView.swift */,
				5AD2E0B4A40B431CE8833C23 /* GlassmorphismModifier.swift */,
				113F1B88B5C8CE4E0709E759 /* LockView.swift */,
				87C8871CFA61C34B17DDDDC5 /* MainSwipingView.swift */,
				4431D2E0906E4284217FDD20 /* MapMasterpieceView.swift */,
				554DF17BCFFB937FCDFDAB6B /* OCRView.swift */,
				E8FE13015C6BA028DDBBBF1E /* OnboardingView.swift */,
				F8A348ED9E65A5CA4D84326F /* PhotoDetailView.swift */,
				A16A58C53B3DB24F9B74E763 /* PhotoEditorView.swift */,
				E66B7D773CE89141F3377C88 /* ProView.swift */,
				ADC5249C76DFB50E4D2F1348 /* SecretGameView.swift */,
				DE96B6D7F436A0A8A55D69D6 /* SensitiveContentModifier.swift */,
				77D556C274709CC2DDE947EB /* SettingsView.swift */,
				48829BDE703F29EB385F73BD /* StatsView.swift */,
				658A3831AFD0966217564FED /* ThumbnailView.swift */,
				21BC0DE3E704069D624EF429 /* TrashGameView.swift */,
				A8E7172C19CBDC2843BEA0C1 /* WaterfallGrid.swift */,
			);
			path = Views;
			sourceTree = "<group>";
		};
		DD08F77AA0061CDB89415E62 /* Products */ = {
			isa = PBXGroup;
			children = (
				BAB4B0EF7E31AE932089A97D /* GallerIA.app */,
				A641FE5AE64DCC32357FC91A /* GallerIATests.xctest */,
				2614843B2558548A8BC67B77 /* GallerIAUITests.xctest */,
				EFCA5A5BD85EAB14C744139D /* GallerIAWatch.app */,
				BC57EC9D8D17B6B107848776 /* GallerIAWidget.appex */,
			);
			name = Products;
			sourceTree = "<group>";
		};
		E8B7D609C52F9D57A902B16A /* Watch */ = {
			isa = PBXGroup;
			children = (
				E70C2611D30973A5396B4A6B /* ContentView.swift */,
				931E4E53E2CEE71C6E9395E8 /* GallerIAWatchApp.swift */,
			);
			path = Watch;
			sourceTree = "<group>";
		};
		ECF00C0F7A73E31C8E565300 /* Resources */ = {
			isa = PBXGroup;
			children = (
				949E71E16F0A5AFC0A1D1D9C /* Localizable.strings */,
			);
			path = Resources;
			sourceTree = "<group>";
		};
/* End PBXGroup section */

/* Begin PBXNativeTarget section */
		105F96F2823F737D957485C6 /* GallerIAWidget */ = {
			isa = PBXNativeTarget;
			buildConfigurationList = FA48EFFEEBC2E825B025140A /* Build configuration list for PBXNativeTarget "GallerIAWidget" */;
			buildPhases = (
				0B5962E3C1B5338EE1BDF636 /* Sources */,
			);
			buildRules = (
			);
			dependencies = (
			);
			name = GallerIAWidget;
			packageProductDependencies = (
			);
			productName = GallerIAWidget;
			productReference = BC57EC9D8D17B6B107848776 /* GallerIAWidget.appex */;
			productType = "com.apple.product-type.app-extension";
		};
		73C317075F89D7C7A92C6F86 /* GallerIAUITests */ = {
			isa = PBXNativeTarget;
			buildConfigurationList = D8FC9BB86196E75F39F2FEF5 /* Build configuration list for PBXNativeTarget "GallerIAUITests" */;
			buildPhases = (
				4A52FF7DB481A8BDC401F948 /* Sources */,
			);
			buildRules = (
			);
			dependencies = (
				F0D3DD446481EFD991EB46C6 /* PBXTargetDependency */,
			);
			name = GallerIAUITests;
			packageProductDependencies = (
			);
			productName = GallerIAUITests;
			productReference = 2614843B2558548A8BC67B77 /* GallerIAUITests.xctest */;
			productType = "com.apple.product-type.bundle.ui-testing";
		};
		84C49B405CEC6E513AB3BA37 /* GallerIATests */ = {
			isa = PBXNativeTarget;
			buildConfigurationList = 2CEA0E6105E7324A26A0AD89 /* Build configuration list for PBXNativeTarget "GallerIATests" */;
			buildPhases = (
				1D243CE7FACF379E6407B63D /* Sources */,
			);
			buildRules = (
			);
			dependencies = (
				19274E0D35203F5285BBBC5F /* PBXTargetDependency */,
			);
			name = GallerIATests;
			packageProductDependencies = (
			);
			productName = GallerIATests;
			productReference = A641FE5AE64DCC32357FC91A /* GallerIATests.xctest */;
			productType = "com.apple.product-type.bundle.unit-test";
		};
		A9A9CDADBCC997E176D8E16B /* GallerIA */ = {
			isa = PBXNativeTarget;
			buildConfigurationList = BD0202932296379416470DBF /* Build configuration list for PBXNativeTarget "GallerIA" */;
			buildPhases = (
				49159C1A17FDA8AE2211AFA4 /* Sources */,
				66A4656E8B06B04FD1E62B9F /* Resources */,
				5FAEA364A4EE5AB35CCC102D /* Embed Foundation Extensions */,
			);
			buildRules = (
			);
			dependencies = (
				95C02C7DEF0839020FFE5A4D /* PBXTargetDependency */,
			);
			name = GallerIA;
			packageProductDependencies = (
			);
			productName = GallerIA;
			productReference = BAB4B0EF7E31AE932089A97D /* GallerIA.app */;
			productType = "com.apple.product-type.application";
		};
		AB5032595AD5347F2F1F8D26 /* GallerIAWatch */ = {
			isa = PBXNativeTarget;
			buildConfigurationList = ACFE7F706753B05524A0F7DF /* Build configuration list for PBXNativeTarget "GallerIAWatch" */;
			buildPhases = (
				2048527A0A3E3142B759D0D6 /* Sources */,
			);
			buildRules = (
			);
			dependencies = (
			);
			name = GallerIAWatch;
			packageProductDependencies = (
			);
			productName = GallerIAWatch;
			productReference = EFCA5A5BD85EAB14C744139D /* GallerIAWatch.app */;
			productType = "com.apple.product-type.application";
		};
/* End PBXNativeTarget section */

/* Begin PBXProject section */
		8D6F7F478004C03E54FF9D67 /* Project object */ = {
			isa = PBXProject;
			attributes = {
				BuildIndependentTargetsInParallel = YES;
				LastUpgradeCheck = 1430;
				TargetAttributes = {
					105F96F2823F737D957485C6 = {
						DevelopmentTeam = 8XAXB3WND5;
					};
					73C317075F89D7C7A92C6F86 = {
						TestTargetID = A9A9CDADBCC997E176D8E16B;
					};
					84C49B405CEC6E513AB3BA37 = {
						DevelopmentTeam = 8XAXB3WND5;
					};
					A9A9CDADBCC997E176D8E16B = {
						DevelopmentTeam = 8XAXB3WND5;
					};
					AB5032595AD5347F2F1F8D26 = {
						DevelopmentTeam = 8XAXB3WND5;
					};
				};
			};
			buildConfigurationList = 4BB623114A5F2C2B44B74676 /* Build configuration list for PBXProject "GallerIA" */;
			developmentRegion = it;
			hasScannedForEncodings = 0;
			knownRegions = (
				Base,
				en,
				it,
			);
			mainGroup = C14A3C429F87244F3A3D22E7;
			minimizedProjectReferenceProxies = 1;
			preferredProjectObjectVersion = 77;
			productRefGroup = DD08F77AA0061CDB89415E62 /* Products */;
			projectDirPath = "";
			projectRoot = "";
			targets = (
				A9A9CDADBCC997E176D8E16B /* GallerIA */,
				84C49B405CEC6E513AB3BA37 /* GallerIATests */,
				105F96F2823F737D957485C6 /* GallerIAWidget */,
				AB5032595AD5347F2F1F8D26 /* GallerIAWatch */,
				73C317075F89D7C7A92C6F86 /* GallerIAUITests */,
			);
		};
/* End PBXProject section */

/* Begin PBXResourcesBuildPhase section */
		66A4656E8B06B04FD1E62B9F /* Resources */ = {
			isa = PBXResourcesBuildPhase;
			buildActionMask = 2147483647;
			files = (
				97FFFF39BA68423E8120C40E /* Assets.xcassets in Resources */,
				12F4683966EDC8B9DDA11B40 /* Localizable.strings in Resources */,
			);
			runOnlyForDeploymentPostprocessing = 0;
		};
/* End PBXResourcesBuildPhase section */

/* Begin PBXSourcesBuildPhase section */
		0B5962E3C1B5338EE1BDF636 /* Sources */ = {
			isa = PBXSourcesBuildPhase;
			buildActionMask = 2147483647;
			files = (
				FD883D62815B20D2369C8E0D /* GallerIALiveActivity.swift in Sources */,
				7EF7E20DACDA2D5D85FF5299 /* GallerIAWidget.swift in Sources */,
			);
			runOnlyForDeploymentPostprocessing = 0;
		};
		1D243CE7FACF379E6407B63D /* Sources */ = {
			isa = PBXSourcesBuildPhase;
			buildActionMask = 2147483647;
			files = (
				8708043BDBE44F0D2185BC49 /* CleanupSelectionTests.swift in Sources */,
				73D77FCF9276CD3023A83148 /* GallerIATests.swift in Sources */,
			);
			runOnlyForDeploymentPostprocessing = 0;
		};
		2048527A0A3E3142B759D0D6 /* Sources */ = {
			isa = PBXSourcesBuildPhase;
			buildActionMask = 2147483647;
			files = (
				88D0C595CB103E4A423AD915 /* ContentView.swift in Sources */,
				91AEAED9B3896C4464BEAF86 /* GallerIAWatchApp.swift in Sources */,
			);
			runOnlyForDeploymentPostprocessing = 0;
		};
		49159C1A17FDA8AE2211AFA4 /* Sources */ = {
			isa = PBXSourcesBuildPhase;
			buildActionMask = 2147483647;
			files = (
				860D148EB66874A50D99B6C7 /* AestheticClassifier.swift in Sources */,
				0F92859A440FD466DBFED031 /* AuthManager.swift in Sources */,
				4E52FBDC2ED8C520C4CA825D /* BreathingModifier.swift in Sources */,
				DFDCE60412029E4299A4EF37 /* CardView.swift in Sources */,
				B34A23BCF82A9DC9F7BE7DFC /* CleanupDetailView.swift in Sources */,
				B05A7A08968D70E033D42C5F /* CleanupManager.swift in Sources */,
				F8D4DB5D87905F85B6379673 /* CleanupSelection.swift in Sources */,
				A9498E8D3B1BEEE73147E7CA /* CollageManager.swift in Sources */,
				003133CBB0D34662A952F7B0 /* ConfettiView.swift in Sources */,
				79D3F6140F025237FC4535EC /* ContentView.swift in Sources */,
				0F441B688A0CA7F5942E0DC8 /* DashboardView.swift in Sources */,
				8485F7BE79CE09B3A25931E8 /* DesignSystem.swift in Sources */,
				6CD733D959AB5F964862636E /* EmbeddingCache.swift in Sources */,
				5BBEF6E13320D2FDA32D091F /* EmbeddingModel.swift in Sources */,
				0F5B89D793735E324685C9BB /* FaceDetectionManager.swift in Sources */,
				3E8111C943C9A42DDF10903F /* GallerIAApp.swift in Sources */,
				EE5FC267935036360A797BCC /* GallerIAIntents.swift in Sources */,
				37617351210EB03C2FAC396E /* GallerIAViewModel.swift in Sources */,
				1607D2A20034B622244177AE /* GalleryCellView.swift in Sources */,
				70E39C8A764C952072CDBD39 /* GalleryView.swift in Sources */,
				63FED747472D3762FD097770 /* GlassmorphismModifier.swift in Sources */,
				86AF574678F317A34BFD62A8 /* HapticSymphonyManager.swift in Sources */,
				17E48D12C456E4D029EA9685 /* HistoryManager.swift in Sources */,
				A616EF0094F9525CC93ECA4B /* LiveActivityManager.swift in Sources */,
				1B4446FBEA6BED0C118E5555 /* LockView.swift in Sources */,
				7D5D637A026BCB9966DD33EA /* MLManager.swift in Sources */,
				2874668943B03F1158603F9F /* MainSwipingView.swift in Sources */,
				9BCDD97C66FF3A511B3FCCD5 /* MapMasterpieceView.swift in Sources */,
				F8100BD0A96F2EA497DBE070 /* NSFWDetector.swift in Sources */,
				F5229AB26F5152AF94B7373A /* OCRManager.swift in Sources */,
				DB12D890EA59FC346C826CE3 /* OCRView.swift in Sources */,
				673337B46A801DC5858D696B /* OnboardingView.swift in Sources */,
				90083D3CDBDBBFDF292F9527 /* PDFReportGenerator.swift in Sources */,
				1FEE2AD3A4BEC8263F013186 /* PhotoCard.swift in Sources */,
				46A602CE8846E38700B28BA8 /* PhotoDetailView.swift in Sources */,
				D19B2DA419B5538813D83AB2 /* PhotoEditorManager.swift in Sources */,
				6EF339469F4A643919411141 /* PhotoEditorView.swift in Sources */,
				E07C0BA3F8D4A5785124F49F /* PhotoImageLoader.swift in Sources */,
				C11164D9E08A5095B03E3E70 /* PhotoManager.swift in Sources */,
				3934DAC65DB70F2A47279DA7 /* ProManager.swift in Sources */,
				A2E56CE0CB3D3A65972CE97E /* ProView.swift in Sources */,
				D8F0CE0874A93E8F5DD99BE6 /* RatedPhoto.swift in Sources */,
				A9D27A1DC5EB35F91F91C7E7 /* SecretGameView.swift in Sources */,
				DC0637BC6CE0F9B6FE96A85A /* SensitiveContentModifier.swift in Sources */,
				DAC0C68BD77589EC1AB8F637 /* SettingsView.swift in Sources */,
				F5B607FAEF5F4CC4970F83AB /* SoundManager.swift in Sources */,
				4281FE12DED44D43CE050B16 /* StatsView.swift in Sources */,
				2D34480043AEDD35D54DDCA3 /* ThumbnailView.swift in Sources */,
				12DC9760005182AD37CA1E4E /* TrashGameView.swift in Sources */,
				AA7A5FF78036159B0EE00F1E /* WaterfallGrid.swift in Sources */,
				15D24A282518B1E924B44042 /* WatermarkManager.swift in Sources */,
			);
			runOnlyForDeploymentPostprocessing = 0;
		};
		4A52FF7DB481A8BDC401F948 /* Sources */ = {
			isa = PBXSourcesBuildPhase;
			buildActionMask = 2147483647;
			files = (
				227C727DA05C666CCFD6321E /* GallerIAUITests.swift in Sources */,
			);
			runOnlyForDeploymentPostprocessing = 0;
		};
/* End PBXSourcesBuildPhase section */

/* Begin PBXTargetDependency section */
		19274E0D35203F5285BBBC5F /* PBXTargetDependency */ = {
			isa = PBXTargetDependency;
			target = A9A9CDADBCC997E176D8E16B /* GallerIA */;
			targetProxy = 23F8BFAD298C04A27D75BF7A /* PBXContainerItemProxy */;
		};
		95C02C7DEF0839020FFE5A4D /* PBXTargetDependency */ = {
			isa = PBXTargetDependency;
			target = 105F96F2823F737D957485C6 /* GallerIAWidget */;
			targetProxy = E9AD1B271C231E0D98B5055B /* PBXContainerItemProxy */;
		};
		F0D3DD446481EFD991EB46C6 /* PBXTargetDependency */ = {
			isa = PBXTargetDependency;
			target = A9A9CDADBCC997E176D8E16B /* GallerIA */;
			targetProxy = 21B74F3AE1550166E2E436DD /* PBXContainerItemProxy */;
		};
/* End PBXTargetDependency section */

/* Begin PBXVariantGroup section */
		949E71E16F0A5AFC0A1D1D9C /* Localizable.strings */ = {
			isa = PBXVariantGroup;
			children = (
				7E9E6A85F2D11DFEF5264CE1 /* en */,
				5DAC16B04B6B233CA9CFDD41 /* it */,
			);
			name = Localizable.strings;
			sourceTree = "<group>";
		};
/* End PBXVariantGroup section */

/* Begin XCBuildConfiguration section */
		389B4C626726D856C6AD632D /* Release */ = {
			isa = XCBuildConfiguration;
			buildSettings = {
				BUNDLE_LOADER = "$(TEST_HOST)";
				CURRENT_PROJECT_VERSION = 1;
				DEVELOPMENT_TEAM = 8XAXB3WND5;
				GENERATE_INFOPLIST_FILE = YES;
				LD_RUNPATH_SEARCH_PATHS = (
					"$(inherited)",
					"@executable_path/Frameworks",
					"@loader_path/Frameworks",
				);
				MARKETING_VERSION = 1.0;
				PRODUCT_BUNDLE_IDENTIFIER = com.stocca.GallerIATests;
				SDKROOT = iphoneos;
				SWIFT_VERSION = 5.0;
				TARGETED_DEVICE_FAMILY = "1,2";
				TEST_HOST = "$(BUILT_PRODUCTS_DIR)/GallerIA.app/GallerIA";
			};
			name = Release;
		};
		4B2FA4F3D76E10EE8FDD7A6D /* Debug */ = {
			isa = XCBuildConfiguration;
			buildSettings = {
				ASSETCATALOG_COMPILER_APPICON_NAME = AppIcon;
				CODE_SIGN_IDENTITY = "iPhone Developer";
				CURRENT_PROJECT_VERSION = 1;
				DEVELOPMENT_TEAM = 8XAXB3WND5;
				GENERATE_INFOPLIST_FILE = YES;
				INFOPLIST_KEY_NSFaceIDUsageDescription = "Necessario per proteggere i tuoi capolavori.";
				INFOPLIST_KEY_NSPhotoLibraryUsageDescription = "Necessario per analizzare le foto ed estrarre la tua estetica.";
				INFOPLIST_KEY_NSSupportsLiveActivities = YES;
				INFOPLIST_KEY_UILaunchScreen_Generation = YES;
				LD_RUNPATH_SEARCH_PATHS = (
					"$(inherited)",
					"@executable_path/Frameworks",
				);
				MARKETING_VERSION = 1.0;
				PRODUCT_BUNDLE_IDENTIFIER = com.stocca.GallerIA;
				SDKROOT = iphoneos;
				SWIFT_VERSION = 5.0;
				TARGETED_DEVICE_FAMILY = "1,2";
			};
			name = Debug;
		};
		4E27DB3A0636A7967440C922 /* Release */ = {
			isa = XCBuildConfiguration;
			buildSettings = {
				BUNDLE_LOADER = "$(TEST_HOST)";
				GENERATE_INFOPLIST_FILE = YES;
				LD_RUNPATH_SEARCH_PATHS = (
					"$(inherited)",
					"@executable_path/Frameworks",
					"@loader_path/Frameworks",
				);
				PRODUCT_BUNDLE_IDENTIFIER = com.stocca.GallerIAUITests;
				SDKROOT = iphoneos;
				SWIFT_VERSION = 5.0;
				TARGETED_DEVICE_FAMILY = "1,2";
				TEST_TARGET_NAME = GallerIA;
			};
			name = Release;
		};
		5D780CA1D6B5DAE53BF51997 /* Debug */ = {
			isa = XCBuildConfiguration;
			buildSettings = {
				CURRENT_PROJECT_VERSION = 1;
				DEVELOPMENT_TEAM = 8XAXB3WND5;
				GENERATE_INFOPLIST_FILE = YES;
				INFOPLIST_FILE = Widget/Info.plist;
				LD_RUNPATH_SEARCH_PATHS = (
					"$(inherited)",
					"@executable_path/Frameworks",
					"@executable_path/../../Frameworks",
				);
				MARKETING_VERSION = 1.0;
				PRODUCT_BUNDLE_IDENTIFIER = com.stocca.GallerIA.Widget;
				SDKROOT = iphoneos;
				SWIFT_VERSION = 5.0;
				TARGETED_DEVICE_FAMILY = "1,2";
			};
			name = Debug;
		};
		64934AEDC0A29615D1333C38 /* Debug */ = {
			isa = XCBuildConfiguration;
			buildSettings = {
				ALWAYS_SEARCH_USER_PATHS = NO;
				CLANG_ANALYZER_NONNULL = YES;
				CLANG_ANALYZER_NUMBER_OBJECT_CONVERSION = YES_AGGRESSIVE;
				CLANG_CXX_LANGUAGE_STANDARD = "gnu++14";
				CLANG_CXX_LIBRARY = "libc++";
				CLANG_ENABLE_MODULES = YES;
				CLANG_ENABLE_OBJC_ARC = YES;
				CLANG_ENABLE_OBJC_WEAK = YES;
				CLANG_WARN_BLOCK_CAPTURE_AUTORELEASING = YES;
				CLANG_WARN_BOOL_CONVERSION = YES;
				CLANG_WARN_COMMA = YES;
				CLANG_WARN_CONSTANT_CONVERSION = YES;
				CLANG_WARN_DEPRECATED_OBJC_IMPLEMENTATIONS = YES;
				CLANG_WARN_DIRECT_OBJC_ISA_USAGE = YES_ERROR;
				CLANG_WARN_DOCUMENTATION_COMMENTS = YES;
				CLANG_WARN_EMPTY_BODY = YES;
				CLANG_WARN_ENUM_CONVERSION = YES;
				CLANG_WARN_INFINITE_RECURSION = YES;
				CLANG_WARN_INT_CONVERSION = YES;
				CLANG_WARN_NON_LITERAL_NULL_CONVERSION = YES;
				CLANG_WARN_OBJC_IMPLICIT_RETAIN_SELF = YES;
				CLANG_WARN_OBJC_LITERAL_CONVERSION = YES;
				CLANG_WARN_OBJC_ROOT_CLASS = YES_ERROR;
				CLANG_WARN_QUOTED_INCLUDE_IN_FRAMEWORK_HEADER = YES;
				CLANG_WARN_RANGE_LOOP_ANALYSIS = YES;
				CLANG_WARN_STRICT_PROTOTYPES = YES;
				CLANG_WARN_SUSPICIOUS_MOVE = YES;
				CLANG_WARN_UNGUARDED_AVAILABILITY = YES_AGGRESSIVE;
				CLANG_WARN_UNREACHABLE_CODE = YES;
				CLANG_WARN__DUPLICATE_METHOD_MATCH = YES;
				COPY_PHASE_STRIP = NO;
				DEBUG_INFORMATION_FORMAT = dwarf;
				ENABLE_STRICT_OBJC_MSGSEND = YES;
				ENABLE_TESTABILITY = YES;
				GCC_C_LANGUAGE_STANDARD = gnu11;
				GCC_DYNAMIC_NO_PIC = NO;
				GCC_NO_COMMON_BLOCKS = YES;
				GCC_OPTIMIZATION_LEVEL = 0;
				GCC_PREPROCESSOR_DEFINITIONS = (
					"$(inherited)",
					"DEBUG=1",
				);
				GCC_WARN_64_TO_32_BIT_CONVERSION = YES;
				GCC_WARN_ABOUT_RETURN_TYPE = YES_ERROR;
				GCC_WARN_UNDECLARED_SELECTOR = YES;
				GCC_WARN_UNINITIALIZED_AUTOS = YES_AGGRESSIVE;
				GCC_WARN_UNUSED_FUNCTION = YES;
				GCC_WARN_UNUSED_VARIABLE = YES;
				IPHONEOS_DEPLOYMENT_TARGET = 17.0;
				MTL_ENABLE_DEBUG_INFO = INCLUDE_SOURCE;
				MTL_FAST_MATH = YES;
				ONLY_ACTIVE_ARCH = YES;
				PRODUCT_NAME = "$(TARGET_NAME)";
				SWIFT_ACTIVE_COMPILATION_CONDITIONS = DEBUG;
				SWIFT_OPTIMIZATION_LEVEL = "-Onone";
				SWIFT_VERSION = 5.0;
			};
			name = Debug;
		};
		8839F112E3DA445546E25FC4 /* Debug */ = {
			isa = XCBuildConfiguration;
			buildSettings = {
				ASSETCATALOG_COMPILER_APPICON_NAME = AppIcon;
				CURRENT_PROJECT_VERSION = 1;
				DEVELOPMENT_TEAM = 8XAXB3WND5;
				GENERATE_INFOPLIST_FILE = YES;
				MARKETING_VERSION = 1.0;
				PRODUCT_BUNDLE_IDENTIFIER = com.stocca.GallerIA.watchkitapp;
				SDKROOT = watchos;
				SKIP_INSTALL = YES;
				SWIFT_VERSION = 5.0;
				TARGETED_DEVICE_FAMILY = 4;
				WATCHOS_DEPLOYMENT_TARGET = 9.0;
			};
			name = Debug;
		};
		94885C02829A9FCD707B29F0 /* Debug */ = {
			isa = XCBuildConfiguration;
			buildSettings = {
				BUNDLE_LOADER = "$(TEST_HOST)";
				CURRENT_PROJECT_VERSION = 1;
				DEVELOPMENT_TEAM = 8XAXB3WND5;
				GENERATE_INFOPLIST_FILE = YES;
				LD_RUNPATH_SEARCH_PATHS = (
					"$(inherited)",
					"@executable_path/Frameworks",
					"@loader_path/Frameworks",
				);
				MARKETING_VERSION = 1.0;
				PRODUCT_BUNDLE_IDENTIFIER = com.stocca.GallerIATests;
				SDKROOT = iphoneos;
				SWIFT_VERSION = 5.0;
				TARGETED_DEVICE_FAMILY = "1,2";
				TEST_HOST = "$(BUILT_PRODUCTS_DIR)/GallerIA.app/GallerIA";
			};
			name = Debug;
		};
		BDD317B9FE1821F62168006F /* Release */ = {
			isa = XCBuildConfiguration;
			buildSettings = {
				ASSETCATALOG_COMPILER_APPICON_NAME = AppIcon;
				CURRENT_PROJECT_VERSION = 1;
				DEVELOPMENT_TEAM = 8XAXB3WND5;
				GENERATE_INFOPLIST_FILE = YES;
				MARKETING_VERSION = 1.0;
				PRODUCT_BUNDLE_IDENTIFIER = com.stocca.GallerIA.watchkitapp;
				SDKROOT = watchos;
				SKIP_INSTALL = YES;
				SWIFT_VERSION = 5.0;
				TARGETED_DEVICE_FAMILY = 4;
				WATCHOS_DEPLOYMENT_TARGET = 9.0;
			};
			name = Release;
		};
		C500566D88DAC2D848BAC20D /* Debug */ = {
			isa = XCBuildConfiguration;
			buildSettings = {
				BUNDLE_LOADER = "$(TEST_HOST)";
				GENERATE_INFOPLIST_FILE = YES;
				LD_RUNPATH_SEARCH_PATHS = (
					"$(inherited)",
					"@executable_path/Frameworks",
					"@loader_path/Frameworks",
				);
				PRODUCT_BUNDLE_IDENTIFIER = com.stocca.GallerIAUITests;
				SDKROOT = iphoneos;
				SWIFT_VERSION = 5.0;
				TARGETED_DEVICE_FAMILY = "1,2";
				TEST_TARGET_NAME = GallerIA;
			};
			name = Debug;
		};
		D9E67EF6BEDA99C952114453 /* Release */ = {
			isa = XCBuildConfiguration;
			buildSettings = {
				ASSETCATALOG_COMPILER_APPICON_NAME = AppIcon;
				CODE_SIGN_IDENTITY = "iPhone Developer";
				CURRENT_PROJECT_VERSION = 1;
				DEVELOPMENT_TEAM = 8XAXB3WND5;
				GENERATE_INFOPLIST_FILE = YES;
				INFOPLIST_KEY_NSFaceIDUsageDescription = "Necessario per proteggere i tuoi capolavori.";
				INFOPLIST_KEY_NSPhotoLibraryUsageDescription = "Necessario per analizzare le foto ed estrarre la tua estetica.";
				INFOPLIST_KEY_NSSupportsLiveActivities = YES;
				INFOPLIST_KEY_UILaunchScreen_Generation = YES;
				LD_RUNPATH_SEARCH_PATHS = (
					"$(inherited)",
					"@executable_path/Frameworks",
				);
				MARKETING_VERSION = 1.0;
				PRODUCT_BUNDLE_IDENTIFIER = com.stocca.GallerIA;
				SDKROOT = iphoneos;
				SWIFT_VERSION = 5.0;
				TARGETED_DEVICE_FAMILY = "1,2";
			};
			name = Release;
		};
		E9F5A7454EF880A86BFE9AD9 /* Release */ = {
			isa = XCBuildConfiguration;
			buildSettings = {
				ALWAYS_SEARCH_USER_PATHS = NO;
				CLANG_ANALYZER_NONNULL = YES;
				CLANG_ANALYZER_NUMBER_OBJECT_CONVERSION = YES_AGGRESSIVE;
				CLANG_CXX_LANGUAGE_STANDARD = "gnu++14";
				CLANG_CXX_LIBRARY = "libc++";
				CLANG_ENABLE_MODULES = YES;
				CLANG_ENABLE_OBJC_ARC = YES;
				CLANG_ENABLE_OBJC_WEAK = YES;
				CLANG_WARN_BLOCK_CAPTURE_AUTORELEASING = YES;
				CLANG_WARN_BOOL_CONVERSION = YES;
				CLANG_WARN_COMMA = YES;
				CLANG_WARN_CONSTANT_CONVERSION = YES;
				CLANG_WARN_DEPRECATED_OBJC_IMPLEMENTATIONS = YES;
				CLANG_WARN_DIRECT_OBJC_ISA_USAGE = YES_ERROR;
				CLANG_WARN_DOCUMENTATION_COMMENTS = YES;
				CLANG_WARN_EMPTY_BODY = YES;
				CLANG_WARN_ENUM_CONVERSION = YES;
				CLANG_WARN_INFINITE_RECURSION = YES;
				CLANG_WARN_INT_CONVERSION = YES;
				CLANG_WARN_NON_LITERAL_NULL_CONVERSION = YES;
				CLANG_WARN_OBJC_IMPLICIT_RETAIN_SELF = YES;
				CLANG_WARN_OBJC_LITERAL_CONVERSION = YES;
				CLANG_WARN_OBJC_ROOT_CLASS = YES_ERROR;
				CLANG_WARN_QUOTED_INCLUDE_IN_FRAMEWORK_HEADER = YES;
				CLANG_WARN_RANGE_LOOP_ANALYSIS = YES;
				CLANG_WARN_STRICT_PROTOTYPES = YES;
				CLANG_WARN_SUSPICIOUS_MOVE = YES;
				CLANG_WARN_UNGUARDED_AVAILABILITY = YES_AGGRESSIVE;
				CLANG_WARN_UNREACHABLE_CODE = YES;
				CLANG_WARN__DUPLICATE_METHOD_MATCH = YES;
				COPY_PHASE_STRIP = NO;
				DEBUG_INFORMATION_FORMAT = "dwarf-with-dsym";
				ENABLE_NS_ASSERTIONS = NO;
				ENABLE_STRICT_OBJC_MSGSEND = YES;
				GCC_C_LANGUAGE_STANDARD = gnu11;
				GCC_NO_COMMON_BLOCKS = YES;
				GCC_WARN_64_TO_32_BIT_CONVERSION = YES;
				GCC_WARN_ABOUT_RETURN_TYPE = YES_ERROR;
				GCC_WARN_UNDECLARED_SELECTOR = YES;
				GCC_WARN_UNINITIALIZED_AUTOS = YES_AGGRESSIVE;
				GCC_WARN_UNUSED_FUNCTION = YES;
				GCC_WARN_UNUSED_VARIABLE = YES;
				IPHONEOS_DEPLOYMENT_TARGET = 17.0;
				MTL_ENABLE_DEBUG_INFO = NO;
				MTL_FAST_MATH = YES;
				PRODUCT_NAME = "$(TARGET_NAME)";
				SWIFT_COMPILATION_MODE = wholemodule;
				SWIFT_OPTIMIZATION_LEVEL = "-O";
				SWIFT_VERSION = 5.0;
			};
			name = Release;
		};
		FD4D3CBF0F627C5832A146B6 /* Release */ = {
			isa = XCBuildConfiguration;
			buildSettings = {
				CURRENT_PROJECT_VERSION = 1;
				DEVELOPMENT_TEAM = 8XAXB3WND5;
				GENERATE_INFOPLIST_FILE = YES;
				INFOPLIST_FILE = Widget/Info.plist;
				LD_RUNPATH_SEARCH_PATHS = (
					"$(inherited)",
					"@executable_path/Frameworks",
					"@executable_path/../../Frameworks",
				);
				MARKETING_VERSION = 1.0;
				PRODUCT_BUNDLE_IDENTIFIER = com.stocca.GallerIA.Widget;
				SDKROOT = iphoneos;
				SWIFT_VERSION = 5.0;
				TARGETED_DEVICE_FAMILY = "1,2";
			};
			name = Release;
		};
/* End XCBuildConfiguration section */

/* Begin XCConfigurationList section */
		2CEA0E6105E7324A26A0AD89 /* Build configuration list for PBXNativeTarget "GallerIATests" */ = {
			isa = XCConfigurationList;
			buildConfigurations = (
				94885C02829A9FCD707B29F0 /* Debug */,
				389B4C626726D856C6AD632D /* Release */,
			);
			defaultConfigurationIsVisible = 0;
			defaultConfigurationName = Debug;
		};
		4BB623114A5F2C2B44B74676 /* Build configuration list for PBXProject "GallerIA" */ = {
			isa = XCConfigurationList;
			buildConfigurations = (
				64934AEDC0A29615D1333C38 /* Debug */,
				E9F5A7454EF880A86BFE9AD9 /* Release */,
			);
			defaultConfigurationIsVisible = 0;
			defaultConfigurationName = Debug;
		};
		ACFE7F706753B05524A0F7DF /* Build configuration list for PBXNativeTarget "GallerIAWatch" */ = {
			isa = XCConfigurationList;
			buildConfigurations = (
				8839F112E3DA445546E25FC4 /* Debug */,
				BDD317B9FE1821F62168006F /* Release */,
			);
			defaultConfigurationIsVisible = 0;
			defaultConfigurationName = Debug;
		};
		BD0202932296379416470DBF /* Build configuration list for PBXNativeTarget "GallerIA" */ = {
			isa = XCConfigurationList;
			buildConfigurations = (
				4B2FA4F3D76E10EE8FDD7A6D /* Debug */,
				D9E67EF6BEDA99C952114453 /* Release */,
			);
			defaultConfigurationIsVisible = 0;
			defaultConfigurationName = Debug;
		};
		D8FC9BB86196E75F39F2FEF5 /* Build configuration list for PBXNativeTarget "GallerIAUITests" */ = {
			isa = XCConfigurationList;
			buildConfigurations = (
				C500566D88DAC2D848BAC20D /* Debug */,
				4E27DB3A0636A7967440C922 /* Release */,
			);
			defaultConfigurationIsVisible = 0;
			defaultConfigurationName = Debug;
		};
		FA48EFFEEBC2E825B025140A /* Build configuration list for PBXNativeTarget "GallerIAWidget" */ = {
			isa = XCConfigurationList;
			buildConfigurations = (
				5D780CA1D6B5DAE53BF51997 /* Debug */,
				FD4D3CBF0F627C5832A146B6 /* Release */,
			);
			defaultConfigurationIsVisible = 0;
			defaultConfigurationName = Debug;
		};
/* End XCConfigurationList section */
	};
	rootObject = 8D6F7F478004C03E54FF9D67 /* Project object */;
}
